
Microsoft Visual Studio Solution File, Format Version 12.00
# Visual Studio Version 16
VisualStudioVersion = 16.0.29123.88
MinimumVisualStudioVersion = 10.0.40219.1
Project("{FAE04EC0-301F-11D3-BF4B-00C04F79EFBC}") = "spaceship", "spaceship.csproj", "{FED5D8E0-9D80-4C97-AD9A-5DC1C5E9FB3C}"
EndProject
Global
	GlobalSection(SolutionConfigurationPlatforms) = preSolution
		Debug|x86 = Debug|x86
		Release|x86 = Release|x86
	EndGlobalSection
	GlobalSection(ProjectConfigurationPlatforms) = postSolution
		{FED5D8E0-9D80-4C97-AD9A-5DC1C5E9FB3C}.Debug|x86.ActiveCfg = Debug|x86
		{FED5D8E0-9D80-4C97-AD9A-5DC1C5E9FB3C}.Debug|x86.Build.0 = Debug|x86
		{FED5D8E0-9D80-4C97-AD9A-5DC1C5E9FB3C}.Release|x86.ActiveCfg = Release|x86
		{FED5D8E0-9D80-4C97-AD9A-5DC1C5E9FB3C}.Release|x86.Build.0 = Release|x86
	EndGlobalSection
	GlobalSection(SolutionProperties) = preSolution
		HideSolutionNode = FALSE
	EndGlobalSection
	GlobalSection(ExtensibilityGlobals) = postSolution
		SolutionGuid = {147CA94D-E633-4361-96AC-BC9A31528CFD}
	EndGlobalSection
EndGlobal
